
Microsoft Visual Studio Solution File, Format Version 12.00
# Visual Studio 2012
Project("{8BC9CEB8-8B4A-11D0-8D11-00A0C91BC942}") = "停车场问题", "停车场问题\停车场问题.vcxproj", "{A3B042FC-5836-4622-8667-ACB0A5529F95}"
EndProject
Global
	GlobalSection(SolutionConfigurationPlatforms) = preSolution
		Debug|Win32 = Debug|Win32
		Release|Win32 = Release|Win32
	EndGlobalSection
	GlobalSection(ProjectConfigurationPlatforms) = postSolution
		{A3B042FC-5836-4622-8667-ACB0A5529F95}.Debug|Win32.ActiveCfg = Debug|Win32
		{A3B042FC-5836-4622-8667-ACB0A5529F95}.Debug|Win32.Build.0 = Debug|Win32
		{A3B042FC-5836-4622-8667-ACB0A5529F95}.Release|Win32.ActiveCfg = Release|Win32
		{A3B042FC-5836-4622-8667-ACB0A5529F95}.Release|Win32.Build.0 = Release|Win32
	EndGlobalSection
	GlobalSection(SolutionProperties) = preSolution
		HideSolutionNode = FALSE
	EndGlobalSection
EndGlobal
